// !$*UTF8*$!
{
	archiveVersion = 1;
	classes = {
	};
	objectVersion = 77;
	objects = {

/* Begin PBXContainerItemProxy section */
		8E0DCA612D178CA700D1E6D5 /* PBXContainerItemProxy */ = {
			isa = PBXContainerItemProxy;
			containerPortal = 8E0DCA482D178CA500D1E6D5 /* Project object */;
			proxyType = 1;
			remoteGlobalIDString = 8E0DCA4F2D178CA500D1E6D5;
			remoteInfo = "Drink It";
		};
		8E0DCA6B2D178CA700D1E6D5 /* PBXContainerItemProxy */ = {
			isa = PBXContainerItemProxy;
			containerPortal = 8E0DCA482D178CA500D1E6D5 /* Project object */;
			proxyType = 1;
			remoteGlobalIDString = 8E0DCA4F2D178CA500D1E6D5;
			remoteInfo = "Drink It";
		};
/* End PBXContainerItemProxy section */

/* Begin PBXFileReference section */
		8E0DCA502D178CA500D1E6D5 /* Drink It.app */ = {isa = PBXFileReference; explicitFileType = wrapper.application; includeInIndex = 0; path = "Drink It.app"; sourceTree = BUILT_PRODUCTS_DIR; };
		8E0DCA602D178CA700D1E6D5 /* Drink ItTests.xctest */ = {isa = PBXFileReference; explicitFileType = wrapper.cfbundle; includeInIndex = 0; path = "Drink ItTests.xctest"; sourceTree = BUILT_PRODUCTS_DIR; };
		8E0DCA6A2D178CA700D1E6D5 /* Drink ItUITests.xctest */ = {isa = PBXFileReference; explicitFileType = wrapper.cfbundle; includeInIndex = 0; path = "Drink ItUITests.xctest"; sourceTree = BUILT_PRODUCTS_DIR; };
/* End PBXFileReference section */

/* Begin PBXFileSystemSynchronizedRootGroup section */
		8E0DCA522D178CA500D1E6D5 /* Drink It */ = {
			isa = PBXFileSystemSynchronizedRootGroup;
			path = "Drink It";
			sourceTree = "<group>";
		};
		8E0DCA632D178CA700D1E6D5 /* Drink ItTests */ = {
			isa = PBXFileSystemSynchronizedRootGroup;
			path = "Drink ItTests";
			sourceTree = "<group>";
		};
		8E0DCA6D2D178CA700D1E6D5 /* Drink ItUITests */ = {
			isa = PBXFileSystemSynchronizedRootGroup;
			path = "Drink ItUITests";
			sourceTree = "<group>";
		};
/* End PBXFileSystemSynchronizedRootGroup section */

/* Begin PBXFrameworksBuildPhase section */
		8E0DCA4D2D178CA500D1E6D5 /* Frameworks */ = {
			isa = PBXFrameworksBuildPhase;
			buildActionMask = 2147483647;
			files = (
			);
			runOnlyForDeploymentPostprocessing = 0;
		};
		8E0DCA5D2D178CA700D1E6D5 /* Frameworks */ = {
			isa = PBXFrameworksBuildPhase;
			buildActionMask = 2147483647;
			files = (
			);
			runOnlyForDeploymentPostprocessing = 0;
		};
		8E0DCA672D178CA700D1E6D5 /* Frameworks */ = {
			isa = PBXFrameworksBuildPhase;
			buildActionMask = 2147483647;
			files = (
			);
			runOnlyForDeploymentPostprocessing = 0;
		};
/* End PBXFrameworksBuildPhase section */

/* Begin PBXGroup section */
		8E0DCA472D178CA500D1E6D5 = {
			isa = PBXGroup;
			children = (
				8E0DCA522D178CA500D1E6D5 /* Drink It */,
				8E0DCA632D178CA700D1E6D5 /* Drink ItTests */,
				8E0DCA6D2D178CA700D1E6D5 /* Drink ItUITests */,
				8E0DCA512D178CA500D1E6D5 /* Products */,
			);
			sourceTree = "<group>";
		};
		8E0DCA512D178CA500D1E6D5 /* Products */ = {
			isa = PBXGroup;
			children = (
				8E0DCA502D178CA500D1E6D5 /* Drink It.app */,
				8E0DCA602D178CA700D1E6D5 /* Drink ItTests.xctest */,
				8E0DCA6A2D178CA700D1E6D5 /* Drink ItUITests.xctest */,
			);
			name = Products;
			sourceTree = "<group>";
		};
/* End PBXGroup section */

/* Begin PBXNativeTarget section */
		8E0DCA4F2D178CA500D1E6D5 /* Drink It */ = {
			isa = PBXNativeTarget;
			buildConfigurationList = 8E0DCA742D178CA700D1E6D5 /* Build configuration list for PBXNativeTarget "Drink It" */;
			buildPhases = (
				8E0DCA4C2D178CA500D1E6D5 /* Sources */,
				8E0DCA4D2D178CA500D1E6D5 /* Frameworks */,
				8E0DCA4E2D178CA500D1E6D5 /* Resources */,
			);
			buildRules = (
			);
			dependencies = (
			);
			fileSystemSynchronizedGroups = (
				8E0DCA522D178CA500D1E6D5 /* Drink It */,
			);
			name = "Drink It";
			packageProductDependencies = (
			);
			productName = "Drink It";
			productReference = 8E0DCA502D178CA500D1E6D5 /* Drink It.app */;
			productType = "com.apple.product-type.application";
		};
		8E0DCA5F2D178CA700D1E6D5 /* Drink ItTests */ = {
			isa = PBXNativeTarget;
			buildConfigurationList = 8E0DCA772D178CA700D1E6D5 /* Build configuration list for PBXNativeTarget "Drink ItTests" */;
			buildPhases = (
				8E0DCA5C2D178CA700D1E6D5 /* Sources */,
				8E0DCA5D2D178CA700D1E6D5 /* Frameworks */,
				8E0DCA5E2D178CA700D1E6D5 /* Resources */,
			);
			buildRules = (
			);
			dependencies = (
				8E0DCA622D178CA700D1E6D5 /* PBXTargetDependency */,
			);
			fileSystemSynchronizedGroups = (
				8E0DCA632D178CA700D1E6D5 /* Drink ItTests */,
			);
			name = "Drink ItTests";
			packageProductDependencies = (
			);
			productName = "Drink ItTests";
			productReference = 8E0DCA602D178CA700D1E6D5 /* Drink ItTests.xctest */;
			productType = "com.apple.product-type.bundle.unit-test";
		};
		8E0DCA692D178CA700D1E6D5 /* Drink ItUITests */ = {
			isa = PBXNativeTarget;
			buildConfigurationList = 8E0DCA7A2D178CA700D1E6D5 /* Build configuration list for PBXNativeTarget "Drink ItUITests" */;
			buildPhases = (
				8E0DCA662D178CA700D1E6D5 /* Sources */,
				8E0DCA672D178CA700D1E6D5 /* Frameworks */,
				8E0DCA682D178CA700D1E6D5 /* Resources */,
			);
			buildRules = (
			);
			dependencies = (
				8E0DCA6C2D178CA700D1E6D5 /* PBXTargetDependency */,
			);
			fileSystemSynchronizedGroups = (
				8E0DCA6D2D178CA700D1E6D5 /* Drink ItUITests */,
			);
			name = "Drink ItUITests";
			packageProductDependencies = (
			);
			productName = "Drink ItUITests";
			productReference = 8E0DCA6A2D178CA700D1E6D5 /* Drink ItUITests.xctest */;
			productType = "com.apple.product-type.bundle.ui-testing";
		};
/* End PBXNativeTarget section */

/* Begin PBXProject section */
		8E0DCA482D178CA500D1E6D5 /* Project object */ = {
			isa = PBXProject;
			attributes = {
				BuildIndependentTargetsInParallel = 1;
				LastSwiftUpdateCheck = 1610;
				LastUpgradeCheck = 1610;
				TargetAttributes = {
					8E0DCA4F2D178CA500D1E6D5 = {
						CreatedOnToolsVersion = 16.1;
					};
					8E0DCA5F2D178CA700D1E6D5 = {
						CreatedOnToolsVersion = 16.1;
						TestTargetID = 8E0DCA4F2D178CA500D1E6D5;
					};
					8E0DCA692D178CA700D1E6D5 = {
						CreatedOnToolsVersion = 16.1;
						TestTargetID = 8E0DCA4F2D178CA500D1E6D5;
					};
				};
			};
			buildConfigurationList = 8E0DCA4B2D178CA500D1E6D5 /* Build configuration list for PBXProject "Drink It" */;
			developmentRegion = en;
			hasScannedForEncodings = 0;
			knownRegions = (
				en,
				Base,
			);
			mainGroup = 8E0DCA472D178CA500D1E6D5;
			minimizedProjectReferenceProxies = 1;
			preferredProjectObjectVersion = 77;
			productRefGroup = 8E0DCA512D178CA500D1E6D5 /* Products */;
			projectDirPath = "";
			projectRoot = "";
			targets = (
				8E0DCA4F2D178CA500D1E6D5 /* Drink It */,
				8E0DCA5F2D178CA700D1E6D5 /* Drink ItTests */,
				8E0DCA692D178CA700D1E6D5 /* Drink ItUITests */,
			);
		};
/* End PBXProject section */

/* Begin PBXResourcesBuildPhase section */
		8E0DCA4E2D178CA500D1E6D5 /* Resources */ = {
			isa = PBXResourcesBuildPhase;
			buildActionMask = 2147483647;
			files = (
			);
			runOnlyForDeploymentPostprocessing = 0;
		};
		8E0DCA5E2D178CA700D1E6D5 /* Resources */ = {
			isa = PBXResourcesBuildPhase;
			buildActionMask = 2147483647;
			files = (
			);
			runOnlyForDeploymentPostprocessing = 0;
		};
		8E0DCA682D178CA700D1E6D5 /* Resources */ = {
			isa = PBXResourcesBuildPhase;
			buildActionMask = 2147483647;
			files = (
			);
			runOnlyForDeploymentPostprocessing = 0;
		};
/* End PBXResourcesBuildPhase section */

/* Begin PBXSourcesBuildPhase section */
		8E0DCA4C2D178CA500D1E6D5 /* Sources */ = {
			isa = PBXSourcesBuildPhase;
			buildActionMask = 2147483647;
			files = (
			);
			runOnlyForDeploymentPostprocessing = 0;
		};
		8E0DCA5C2D178CA700D1E6D5 /* Sources */ = {
			isa = PBXSourcesBuildPhase;
			buildActionMask = 2147483647;
			files = (
			);
			runOnlyForDeploymentPostprocessing = 0;
		};
		8E0DCA662D178CA700D1E6D5 /* Sources */ = {
			isa = PBXSourcesBuildPhase;
			buildActionMask = 2147483647;
			files = (
			);
			runOnlyForDeploymentPostprocessing = 0;
		};
/* End PBXSourcesBuildPhase section */

/* Begin PBXTargetDependency section */
		8E0DCA622D178CA700D1E6D5 /* PBXTargetDependency */ = {
			isa = PBXTargetDependency;
			target = 8E0DCA4F2D178CA500D1E6D5 /* Drink It */;
			targetProxy = 8E0DCA612D178CA700D1E6D5 /* PBXContainerItemProxy */;
		};
		8E0DCA6C2D178CA700D1E6D5 /* PBXTargetDependency */ = {
			isa = PBXTargetDependency;
			target = 8E0DCA4F2D178CA500D1E6D5 /* Drink It */;
			targetProxy = 8E0DCA6B2D178CA700D1E6D5 /* PBXContainerItemProxy */;
		};
/* End PBXTargetDependency section */

/* Begin XCBuildConfiguration section */
		8E0DCA722D178CA700D1E6D5 /* Debug */ = {
			isa = XCBuildConfiguration;
			buildSettings = {
				ALWAYS_SEARCH_USER_PATHS = NO;
				ASSETCATALOG_COMPILER_GENERATE_SWIFT_ASSET_SYMBOL_EXTENSIONS = YES;
				CLANG_ANALYZER_NONNULL = YES;
				CLANG_ANALYZER_NUMBER_OBJECT_CONVERSION = YES_AGGRESSIVE;
				CLANG_CXX_LANGUAGE_STANDARD = "gnu++20";
				CLANG_ENABLE_MODULES = YES;
				CLANG_ENABLE_OBJC_ARC = YES;
				CLANG_ENABLE_OBJC_WEAK = YES;
				CLANG_WARN_BLOCK_CAPTURE_AUTORELEASING = YES;
				CLANG_WARN_BOOL_CONVERSION = YES;
				CLANG_WARN_COMMA = YES;
				CLANG_WARN_CONSTANT_CONVERSION = YES;
				CLANG_WARN_DEPRECATED_OBJC_IMPLEMENTATIONS = YES;
				CLANG_WARN_DIRECT_OBJC_ISA_USAGE = YES_ERROR;
				CLANG_WARN_DOCUMENTATION_COMMENTS = YES;
				CLANG_WARN_EMPTY_BODY = YES;
				CLANG_WARN_ENUM_CONVERSION = YES;
				CLANG_WARN_INFINITE_RECURSION = YES;
				CLANG_WARN_INT_CONVERSION = YES;
				CLANG_WARN_NON_LITERAL_NULL_CONVERSION = YES;
				CLANG_WARN_OBJC_IMPLICIT_RETAIN_SELF = YES;
				CLANG_WARN_OBJC_LITERAL_CONVERSION = YES;
				CLANG_WARN_OBJC_ROOT_CLASS = YES_ERROR;
				CLANG_WARN_QUOTED_INCLUDE_IN_FRAMEWORK_HEADER = YES;
				CLANG_WARN_RANGE_LOOP_ANALYSIS = YES;
				CLANG_WARN_STRICT_PROTOTYPES = YES;
				CLANG_WARN_SUSPICIOUS_MOVE = YES;
				CLANG_WARN_UNGUARDED_AVAILABILITY = YES_AGGRESSIVE;
				CLANG_WARN_UNREACHABLE_CODE = YES;
				CLANG_WARN__DUPLICATE_METHOD_MATCH = YES;
				COPY_PHASE_STRIP = NO;
				DEBUG_INFORMATION_FORMAT = dwarf;
				ENABLE_STRICT_OBJC_MSGSEND = YES;
				ENABLE_TESTABILITY = YES;
				ENABLE_USER_SCRIPT_SANDBOXING = YES;
				GCC_C_LANGUAGE_STANDARD = gnu17;
				GCC_DYNAMIC_NO_PIC = NO;
				GCC_NO_COMMON_BLOCKS = YES;
				GCC_OPTIMIZATION_LEVEL = 0;
				GCC_PREPROCESSOR_DEFINITIONS = (
					"DEBUG=1",
					"$(inherited)",
				);
				GCC_WARN_64_TO_32_BIT_CONVERSION = YES;
				GCC_WARN_ABOUT_RETURN_TYPE = YES_ERROR;
				GCC_WARN_UNDECLARED_SELECTOR = YES;
				GCC_WARN_UNINITIALIZED_AUTOS = YES_AGGRESSIVE;
				GCC_WARN_UNUSED_FUNCTION = YES;
				GCC_WARN_UNUSED_VARIABLE = YES;
				IPHONEOS_DEPLOYMENT_TARGET = 18.1;
				LOCALIZATION_PREFERS_STRING_CATALOGS = YES;
				MTL_ENABLE_DEBUG_INFO = INCLUDE_SOURCE;
				MTL_FAST_MATH = YES;
				ONLY_ACTIVE_ARCH = YES;
				SDKROOT = iphoneos;
				SWIFT_ACTIVE_COMPILATION_CONDITIONS = "DEBUG $(inherited)";
				SWIFT_OPTIMIZATION_LEVEL = "-Onone";
			};
			name = Debug;
		};
		8E0DCA732D178CA700D1E6D5 /* Release */ = {
			isa = XCBuildConfiguration;
			buildSettings = {
				ALWAYS_SEARCH_USER_PATHS = NO;
				ASSETCATALOG_COMPILER_GENERATE_SWIFT_ASSET_SYMBOL_EXTENSIONS = YES;
				CLANG_ANALYZER_NONNULL = YES;
				CLANG_ANALYZER_NUMBER_OBJECT_CONVERSION = YES_AGGRESSIVE;
				CLANG_CXX_LANGUAGE_STANDARD = "gnu++20";
				CLANG_ENABLE_MODULES = YES;
				CLANG_ENABLE_OBJC_ARC = YES;
				CLANG_ENABLE_OBJC_WEAK = YES;
				CLANG_WARN_BLOCK_CAPTURE_AUTORELEASING = YES;
				CLANG_WARN_BOOL_CONVERSION = YES;
				CLANG_WARN_COMMA = YES;
				CLANG_WARN_CONSTANT_CONVERSION = YES;
				CLANG_WARN_DEPRECATED_OBJC_IMPLEMENTATIONS = YES;
				CLANG_WARN_DIRECT_OBJC_ISA_USAGE = YES_ERROR;
				CLANG_WARN_DOCUMENTATION_COMMENTS = YES;
				CLANG_WARN_EMPTY_BODY = YES;
				CLANG_WARN_ENUM_CONVERSION = YES;
				CLANG_WARN_INFINITE_RECURSION = YES;
				CLANG_WARN_INT_CONVERSION = YES;
				CLANG_WARN_NON_LITERAL_NULL_CONVERSION = YES;
				CLANG_WARN_OBJC_IMPLICIT_RETAIN_SELF = YES;
				CLANG_WARN_OBJC_LITERAL_CONVERSION = YES;
				CLANG_WARN_OBJC_ROOT_CLASS = YES_ERROR;
				CLANG_WARN_QUOTED_INCLUDE_IN_FRAMEWORK_HEADER = YES;
				CLANG_WARN_RANGE_LOOP_ANALYSIS = YES;
				CLANG_WARN_STRICT_PROTOTYPES = YES;
				CLANG_WARN_SUSPICIOUS_MOVE = YES;
				CLANG_WARN_UNGUARDED_AVAILABILITY = YES_AGGRESSIVE;
				CLANG_WARN_UNREACHABLE_CODE = YES;
				CLANG_WARN__DUPLICATE_METHOD_MATCH = YES;
				COPY_PHASE_STRIP = NO;
				DEBUG_INFORMATION_FORMAT = "dwarf-with-dsym";
				ENABLE_NS_ASSERTIONS = NO;
				ENABLE_STRICT_OBJC_MSGSEND = YES;
				ENABLE_USER_SCRIPT_SANDBOXING = YES;
				GCC_C_LANGUAGE_STANDARD = gnu17;
				GCC_NO_COMMON_BLOCKS = YES;
				GCC_WARN_64_TO_32_BIT_CONVERSION = YES;
				GCC_WARN_ABOUT_RETURN_TYPE = YES_ERROR;
				GCC_WARN_UNDECLARED_SELECTOR = YES;
				GCC_WARN_UNINITIALIZED_AUTOS = YES_AGGRESSIVE;
				GCC_WARN_UNUSED_FUNCTION = YES;
				GCC_WARN_UNUSED_VARIABLE = YES;
				IPHONEOS_DEPLOYMENT_TARGET = 18.1;
				LOCALIZATION_PREFERS_STRING_CATALOGS = YES;
				MTL_ENABLE_DEBUG_INFO = NO;
				MTL_FAST_MATH = YES;
				SDKROOT = iphoneos;
				SWIFT_COMPILATION_MODE = wholemodule;
				VALIDATE_PRODUCT = YES;
			};
			name = Release;
		};
		8E0DCA752D178CA700D1E6D5 /* Debug */ = {
			isa = XCBuildConfiguration;
			buildSettings = {
				ASSETCATALOG_COMPILER_APPICON_NAME = AppIcon;
				ASSETCATALOG_COMPILER_GLOBAL_ACCENT_COLOR_NAME = AccentColor;
				CODE_SIGN_STYLE = Automatic;
				CURRENT_PROJECT_VERSION = 1;
				DEVELOPMENT_ASSET_PATHS = "\"Drink It/Preview Content\"";
				ENABLE_PREVIEWS = YES;
				GENERATE_INFOPLIST_FILE = YES;
				INFOPLIST_KEY_UIApplicationSceneManifest_Generation = YES;
				INFOPLIST_KEY_UIApplicationSupportsIndirectInputEvents = YES;
				INFOPLIST_KEY_UILaunchScreen_Generation = YES;
				INFOPLIST_KEY_UISupportedInterfaceOrientations_iPad = "UIInterfaceOrientationPortrait UIInterfaceOrientationPortraitUpsideDown UIInterfaceOrientationLandscapeLeft UIInterfaceOrientationLandscapeRight";
				INFOPLIST_KEY_UISupportedInterfaceOrientations_iPhone = "UIInterfaceOrientationPortrait UIInterfaceOrientationLandscapeLeft UIInterfaceOrientationLandscapeRight";
				LD_RUNPATH_SEARCH_PATHS = (
					"$(inherited)",
					"@executable_path/Frameworks",
				);
				MARKETING_VERSION = 1.0;
				PRODUCT_BUNDLE_IDENTIFIER = "lucazalcantara.Drink-It";
				PRODUCT_NAME = "$(TARGET_NAME)";
				SWIFT_EMIT_LOC_STRINGS = YES;
				SWIFT_VERSION = 5.0;
				TARGETED_DEVICE_FAMILY = "1,2";
			};
			name = Debug;
		};
		8E0DCA762D178CA700D1E6D5 /* Release */ = {
			isa = XCBuildConfiguration;
			buildSettings = {
				ASSETCATALOG_COMPILER_APPICON_NAME = AppIcon;
				ASSETCATALOG_COMPILER_GLOBAL_ACCENT_COLOR_NAME = AccentColor;
				CODE_SIGN_STYLE = Automatic;
				CURRENT_PROJECT_VERSION = 1;
				DEVELOPMENT_ASSET_PATHS = "\"Drink It/Preview Content\"";
				ENABLE_PREVIEWS = YES;
				GENERATE_INFOPLIST_FILE = YES;
				INFOPLIST_KEY_UIApplicationSceneManifest_Generation = YES;
				INFOPLIST_KEY_UIApplicationSupportsIndirectInputEvents = YES;
				INFOPLIST_KEY_UILaunchScreen_Generation = YES;
				INFOPLIST_KEY_UISupportedInterfaceOrientations_iPad = "UIInterfaceOrientationPortrait UIInterfaceOrientationPortraitUpsideDown UIInterfaceOrientationLandscapeLeft UIInterfaceOrientationLandscapeRight";
				INFOPLIST_KEY_UISupportedInterfaceOrientations_iPhone = "UIInterfaceOrientationPortrait UIInterfaceOrientationLandscapeLeft UIInterfaceOrientationLandscapeRight";
				LD_RUNPATH_SEARCH_PATHS = (
					"$(inherited)",
					"@executable_path/Frameworks",
				);
				MARKETING_VERSION = 1.0;
				PRODUCT_BUNDLE_IDENTIFIER = "lucazalcantara.Drink-It";
				PRODUCT_NAME = "$(TARGET_NAME)";
				SWIFT_EMIT_LOC_STRINGS = YES;
				SWIFT_VERSION = 5.0;
				TARGETED_DEVICE_FAMILY = "1,2";
			};
			name = Release;
		};
		8E0DCA782D178CA700D1E6D5 /* Debug */ = {
			isa = XCBuildConfiguration;
			buildSettings = {
				BUNDLE_LOADER = "$(TEST_HOST)";
				CODE_SIGN_STYLE = Automatic;
				CURRENT_PROJECT_VERSION = 1;
				GENERATE_INFOPLIST_FILE = YES;
				IPHONEOS_DEPLOYMENT_TARGET = 18.1;
				MARKETING_VERSION = 1.0;
				PRODUCT_BUNDLE_IDENTIFIER = "lucazalcantara.Drink-ItTests";
				PRODUCT_NAME = "$(TARGET_NAME)";
				SWIFT_EMIT_LOC_STRINGS = NO;
				SWIFT_VERSION = 5.0;
				TARGETED_DEVICE_FAMILY = "1,2";
				TEST_HOST = "$(BUILT_PRODUCTS_DIR)/Drink It.app/$(BUNDLE_EXECUTABLE_FOLDER_PATH)/Drink It";
			};
			name = Debug;
		};
		8E0DCA792D178CA700D1E6D5 /* Release */ = {
			isa = XCBuildConfiguration;
			buildSettings = {
				BUNDLE_LOADER = "$(TEST_HOST)";
				CODE_SIGN_STYLE = Automatic;
				CURRENT_PROJECT_VERSION = 1;
				GENERATE_INFOPLIST_FILE = YES;
				IPHONEOS_DEPLOYMENT_TARGET = 18.1;
				MARKETING_VERSION = 1.0;
				PRODUCT_BUNDLE_IDENTIFIER = "lucazalcantara.Drink-ItTests";
				PRODUCT_NAME = "$(TARGET_NAME)";
				SWIFT_EMIT_LOC_STRINGS = NO;
				SWIFT_VERSION = 5.0;
				TARGETED_DEVICE_FAMILY = "1,2";
				TEST_HOST = "$(BUILT_PRODUCTS_DIR)/Drink It.app/$(BUNDLE_EXECUTABLE_FOLDER_PATH)/Drink It";
			};
			name = Release;
		};
		8E0DCA7B2D178CA700D1E6D5 /* Debug */ = {
			isa = XCBuildConfiguration;
			buildSettings = {
				CODE_SIGN_STYLE = Automatic;
				CURRENT_PROJECT_VERSION = 1;
				GENERATE_INFOPLIST_FILE = YES;
				MARKETING_VERSION = 1.0;
				PRODUCT_BUNDLE_IDENTIFIER = "lucazalcantara.Drink-ItUITests";
				PRODUCT_NAME = "$(TARGET_NAME)";
				SWIFT_EMIT_LOC_STRINGS = NO;
				SWIFT_VERSION = 5.0;
				TARGETED_DEVICE_FAMILY = "1,2";
				TEST_TARGET_NAME = "Drink It";
			};
			name = Debug;
		};
		8E0DCA7C2D178CA700D1E6D5 /* Release */ = {
			isa = XCBuildConfiguration;
			buildSettings = {
				CODE_SIGN_STYLE = Automatic;
				CURRENT_PROJECT_VERSION = 1;
				GENERATE_INFOPLIST_FILE = YES;
				MARKETING_VERSION = 1.0;
				PRODUCT_BUNDLE_IDENTIFIER = "lucazalcantara.Drink-ItUITests";
				PRODUCT_NAME = "$(TARGET_NAME)";
				SWIFT_EMIT_LOC_STRINGS = NO;
				SWIFT_VERSION = 5.0;
				TARGETED_DEVICE_FAMILY = "1,2";
				TEST_TARGET_NAME = "Drink It";
			};
			name = Release;
		};
/* End XCBuildConfiguration section */

/* Begin XCConfigurationList section */
		8E0DCA4B2D178CA500D1E6D5 /* Build configuration list for PBXProject "Drink It" */ = {
			isa = XCConfigurationList;
			buildConfigurations = (
				8E0DCA722D178CA700D1E6D5 /* Debug */,
				8E0DCA732D178CA700D1E6D5 /* Release */,
			);
			defaultConfigurationIsVisible = 0;
			defaultConfigurationName = Release;
		};
		8E0DCA742D178CA700D1E6D5 /* Build configuration list for PBXNativeTarget "Drink It" */ = {
			isa = XCConfigurationList;
			buildConfigurations = (
				8E0DCA752D178CA700D1E6D5 /* Debug */,
				8E0DCA762D178CA700D1E6D5 /* Release */,
			);
			defaultConfigurationIsVisible = 0;
			defaultConfigurationName = Release;
		};
		8E0DCA772D178CA700D1E6D5 /* Build configuration list for PBXNativeTarget "Drink ItTests" */ = {
			isa = XCConfigurationList;
			buildConfigurations = (
				8E0DCA782D178CA700D1E6D5 /* Debug */,
				8E0DCA792D178CA700D1E6D5 /* Release */,
			);
			defaultConfigurationIsVisible = 0;
			defaultConfigurationName = Release;
		};
		8E0DCA7A2D178CA700D1E6D5 /* Build configuration list for PBXNativeTarget "Drink ItUITests" */ = {
			isa = XCConfigurationList;
			buildConfigurations = (
				8E0DCA7B2D178CA700D1E6D5 /* Debug */,
				8E0DCA7C2D178CA700D1E6D5 /* Release */,
			);
			defaultConfigurationIsVisible = 0;
			defaultConfigurationName = Release;
		};
/* End XCConfigurationList section */
	};
	rootObject = 8E0DCA482D178CA500D1E6D5 /* Project object */;
}
